
Microsoft Visual Studio Solution File, Format Version 12.00
# Visual Studio Version 17
VisualStudioVersion = 17.5.002.0
MinimumVisualStudioVersion = 10.0.40219.1
Project("{9A19103F-16F7-4668-BE54-9A1E7A4F7556}") = "CalculadoraAvalonia", "CalculadoraAvalonia.csproj", "{56AC6E8F-1540-43ED-A183-2262B3CB60BC}"
EndProject
Global
	GlobalSection(SolutionConfigurationPlatforms) = preSolution
		Debug|Any CPU = Debug|Any CPU
		Release|Any CPU = Release|Any CPU
	EndGlobalSection
	GlobalSection(ProjectConfigurationPlatforms) = postSolution
		{56AC6E8F-1540-43ED-A183-2262B3CB60BC}.Debug|Any CPU.ActiveCfg = Debug|Any CPU
		{56AC6E8F-1540-43ED-A183-2262B3CB60BC}.Debug|Any CPU.Build.0 = Debug|Any CPU
		{56AC6E8F-1540-43ED-A183-2262B3CB60BC}.Release|Any CPU.ActiveCfg = Release|Any CPU
		{56AC6E8F-1540-43ED-A183-2262B3CB60BC}.Release|Any CPU.Build.0 = Release|Any CPU
	EndGlobalSection
	GlobalSection(SolutionProperties) = preSolution
		HideSolutionNode = FALSE
	EndGlobalSection
	GlobalSection(ExtensibilityGlobals) = postSolution
		SolutionGuid = {E6124D21-D395-4C82-B266-3E566C639F0C}
	EndGlobalSection
EndGlobal
